// !$*UTF8*$!
{
	archiveVersion = 1;
	classes = {
	};
	objectVersion = 50;
	objects = {

/* Begin PBXBuildFile section */
		90D16E81224101CE0009E3C9 /* AppDelegate.swift in Sources */ = {isa = PBXBuildFile; fileRef = 90D16E80224101CE0009E3C9 /* AppDelegate.swift */; };
		90D16E83224101CE0009E3C9 /* ViewController.swift in Sources */ = {isa = PBXBuildFile; fileRef = 90D16E82224101CE0009E3C9 /* ViewController.swift */; };
		90D16E86224101CE0009E3C9 /* Main.storyboard in Resources */ = {isa = PBXBuildFile; fileRef = 90D16E84224101CE0009E3C9 /* Main.storyboard */; };
		90D16E89224101CE0009E3C9 /* mod14.xcdatamodeld in Sources */ = {isa = PBXBuildFile; fileRef = 90D16E87224101CE0009E3C9 /* mod14.xcdatamodeld */; };
		90D16E8B224101CF0009E3C9 /* Assets.xcassets in Resources */ = {isa = PBXBuildFile; fileRef = 90D16E8A224101CF0009E3C9 /* Assets.xcassets */; };
		90D16E8E224101CF0009E3C9 /* LaunchScreen.storyboard in Resources */ = {isa = PBXBuildFile; fileRef = 90D16E8C224101CF0009E3C9 /* LaunchScreen.storyboard */; };
		90D16E96224103070009E3C9 /* FioVC.swift in Sources */ = {isa = PBXBuildFile; fileRef = 90D16E95224103070009E3C9 /* FioVC.swift */; };
		90D16E98224103870009E3C9 /* UserDefaultsService.swift in Sources */ = {isa = PBXBuildFile; fileRef = 90D16E97224103870009E3C9 /* UserDefaultsService.swift */; };
		90D16E9A224105930009E3C9 /* TODORealmVC.swift in Sources */ = {isa = PBXBuildFile; fileRef = 90D16E99224105930009E3C9 /* TODORealmVC.swift */; };
		90D16EA022411B960009E3C9 /* RealmSirvice.swift in Sources */ = {isa = PBXBuildFile; fileRef = 90D16E9F22411B960009E3C9 /* RealmSirvice.swift */; };
		90D16EA2224140960009E3C9 /* CoreDataService.swift in Sources */ = {isa = PBXBuildFile; fileRef = 90D16EA1224140960009E3C9 /* CoreDataService.swift */; };
		90D16EA4224145C70009E3C9 /* TODOCoreDataVC.swift in Sources */ = {isa = PBXBuildFile; fileRef = 90D16EA3224145C70009E3C9 /* TODOCoreDataVC.swift */; };
		90D16EA622414BB20009E3C9 /* WeatherVC.swift in Sources */ = {isa = PBXBuildFile; fileRef = 90D16EA522414BB20009E3C9 /* WeatherVC.swift */; };
		90D16EAB22414D7A0009E3C9 /* DataManager.swift in Sources */ = {isa = PBXBuildFile; fileRef = 90D16EA722414D7A0009E3C9 /* DataManager.swift */; };
		90D16EAC22414D7A0009E3C9 /* WeatherCell.xib in Resources */ = {isa = PBXBuildFile; fileRef = 90D16EA822414D7A0009E3C9 /* WeatherCell.xib */; };
		90D16EAD22414D7A0009E3C9 /* WeatherCell.swift in Sources */ = {isa = PBXBuildFile; fileRef = 90D16EA922414D7A0009E3C9 /* WeatherCell.swift */; };
		90D16EAE22414D7A0009E3C9 /* DateNormalizer.swift in Sources */ = {isa = PBXBuildFile; fileRef = 90D16EAA22414D7A0009E3C9 /* DateNormalizer.swift */; };
		90D16EB322414E3C0009E3C9 /* Weather.swift in Sources */ = {isa = PBXBuildFile; fileRef = 90D16EB222414E3C0009E3C9 /* Weather.swift */; };
		90D16EB722414FFC0009E3C9 /* Todo.swift in Sources */ = {isa = PBXBuildFile; fileRef = 90D16EB622414FFC0009E3C9 /* Todo.swift */; };
		B4E832CEEE4D73873A7AFAB7 /* Pods_mod14.framework in Frameworks */ = {isa = PBXBuildFile; fileRef = 2EF30F05BC81E68543418AE7 /* Pods_mod14.framework */; };
/* End PBXBuildFile section */

/* Begin PBXFileReference section */
		2EF30F05BC81E68543418AE7 /* Pods_mod14.framework */ = {isa = PBXFileReference; explicitFileType = wrapper.framework; includeInIndex = 0; path = Pods_mod14.framework; sourceTree = BUILT_PRODUCTS_DIR; };
		90D16E7D224101CE0009E3C9 /* mod14.app */ = {isa = PBXFileReference; explicitFileType = wrapper.application; includeInIndex = 0; path = mod14.app; sourceTree = BUILT_PRODUCTS_DIR; };
		90D16E80224101CE0009E3C9 /* AppDelegate.swift */ = {isa = PBXFileReference; lastKnownFileType = sourcecode.swift; path = AppDelegate.swift; sourceTree = "<group>"; };
		90D16E82224101CE0009E3C9 /* ViewController.swift */ = {isa = PBXFileReference; lastKnownFileType = sourcecode.swift; path = ViewController.swift; sourceTree = "<group>"; };
		90D16E85224101CE0009E3C9 /* Base */ = {isa = PBXFileReference; lastKnownFileType = file.storyboard; name = Base; path = Base.lproj/Main.storyboard; sourceTree = "<group>"; };
		90D16E88224101CE0009E3C9 /* mod14.xcdatamodel */ = {isa = PBXFileReference; lastKnownFileType = wrapper.xcdatamodel; path = mod14.xcdatamodel; sourceTree = "<group>"; };
		90D16E8A224101CF0009E3C9 /* Assets.xcassets */ = {isa = PBXFileReference; lastKnownFileType = folder.assetcatalog; path = Assets.xcassets; sourceTree = "<group>"; };
		90D16E8D224101CF0009E3C9 /* Base */ = {isa = PBXFileReference; lastKnownFileType = file.storyboard; name = Base; path = Base.lproj/LaunchScreen.storyboard; sourceTree = "<group>"; };
		90D16E8F224101CF0009E3C9 /* Info.plist */ = {isa = PBXFileReference; lastKnownFileType = text.plist.xml; path = Info.plist; sourceTree = "<group>"; };
		90D16E95224103070009E3C9 /* FioVC.swift */ = {isa = PBXFileReference; lastKnownFileType = sourcecode.swift; path = FioVC.swift; sourceTree = "<group>"; };
		90D16E97224103870009E3C9 /* UserDefaultsService.swift */ = {isa = PBXFileReference; lastKnownFileType = sourcecode.swift; path = UserDefaultsService.swift; sourceTree = "<group>"; };
		90D16E99224105930009E3C9 /* TODORealmVC.swift */ = {isa = PBXFileReference; lastKnownFileType = sourcecode.swift; path = TODORealmVC.swift; sourceTree = "<group>"; };
		90D16E9F22411B960009E3C9 /* RealmSirvice.swift */ = {isa = PBXFileReference; lastKnownFileType = sourcecode.swift; path = RealmSirvice.swift; sourceTree = "<group>"; };
		90D16EA1224140960009E3C9 /* CoreDataService.swift */ = {isa = PBXFileReference; lastKnownFileType = sourcecode.swift; path = CoreDataService.swift; sourceTree = "<group>"; };
		90D16EA3224145C70009E3C9 /* TODOCoreDataVC.swift */ = {isa = PBXFileReference; lastKnownFileType = sourcecode.swift; path = TODOCoreDataVC.swift; sourceTree = "<group>"; };
		90D16EA522414BB20009E3C9 /* WeatherVC.swift */ = {isa = PBXFileReference; lastKnownFileType = sourcecode.swift; path = WeatherVC.swift; sourceTree = "<group>"; };
		90D16EA722414D7A0009E3C9 /* DataManager.swift */ = {isa = PBXFileReference; fileEncoding = 4; lastKnownFileType = sourcecode.swift; path = DataManager.swift; sourceTree = "<group>"; };
		90D16EA822414D7A0009E3C9 /* WeatherCell.xib */ = {isa = PBXFileReference; fileEncoding = 4; lastKnownFileType = file.xib; path = WeatherCell.xib; sourceTree = "<group>"; };
		90D16EA922414D7A0009E3C9 /* WeatherCell.swift */ = {isa = PBXFileReference; fileEncoding = 4; lastKnownFileType = sourcecode.swift; path = WeatherCell.swift; sourceTree = "<group>"; };
		90D16EAA22414D7A0009E3C9 /* DateNormalizer.swift */ = {isa = PBXFileReference; fileEncoding = 4; lastKnownFileType = sourcecode.swift; path = DateNormalizer.swift; sourceTree = "<group>"; };
		90D16EB222414E3C0009E3C9 /* Weather.swift */ = {isa = PBXFileReference; fileEncoding = 4; lastKnownFileType = sourcecode.swift; path = Weather.swift; sourceTree = "<group>"; };
		90D16EB622414FFC0009E3C9 /* Todo.swift */ = {isa = PBXFileReference; lastKnownFileType = sourcecode.swift; path = Todo.swift; sourceTree = "<group>"; };
		9F72392DF01D96E950C93C5D /* Pods-mod14.release.xcconfig */ = {isa = PBXFileReference; includeInIndex = 1; lastKnownFileType = text.xcconfig; name = "Pods-mod14.release.xcconfig"; path = "Pods/Target Support Files/Pods-mod14/Pods-mod14.release.xcconfig"; sourceTree = "<group>"; };
		C40071F19D36107F5B9FF5DD /* Pods-mod14.debug.xcconfig */ = {isa = PBXFileReference; includeInIndex = 1; lastKnownFileType = text.xcconfig; name = "Pods-mod14.debug.xcconfig"; path = "Pods/Target Support Files/Pods-mod14/Pods-mod14.debug.xcconfig"; sourceTree = "<group>"; };
/* End PBXFileReference section */

/* Begin PBXFrameworksBuildPhase section */
		90D16E7A224101CE0009E3C9 /* Frameworks */ = {
			isa = PBXFrameworksBuildPhase;
			buildActionMask = 2147483647;
			files = (
				B4E832CEEE4D73873A7AFAB7 /* Pods_mod14.framework in Frameworks */,
			);
			runOnlyForDeploymentPostprocessing = 0;
		};
/* End PBXFrameworksBuildPhase section */

/* Begin PBXGroup section */
		798AC9F7EEA7D0BB2F704DF5 /* Pods */ = {
			isa = PBXGroup;
			children = (
				C40071F19D36107F5B9FF5DD /* Pods-mod14.debug.xcconfig */,
				9F72392DF01D96E950C93C5D /* Pods-mod14.release.xcconfig */,
			);
			name = Pods;
			sourceTree = "<group>";
		};
		90D16E74224101CE0009E3C9 = {
			isa = PBXGroup;
			children = (
				90D16E7F224101CE0009E3C9 /* mod14 */,
				90D16E7E224101CE0009E3C9 /* Products */,
				D1097A102BE90FB41403E16F /* Frameworks */,
				798AC9F7EEA7D0BB2F704DF5 /* Pods */,
			);
			sourceTree = "<group>";
		};
		90D16E7E224101CE0009E3C9 /* Products */ = {
			isa = PBXGroup;
			children = (
				90D16E7D224101CE0009E3C9 /* mod14.app */,
			);
			name = Products;
			sourceTree = "<group>";
		};
		90D16E7F224101CE0009E3C9 /* mod14 */ = {
			isa = PBXGroup;
			children = (
				90D16E80224101CE0009E3C9 /* AppDelegate.swift */,
				90D16EAF22414D890009E3C9 /* Controllers */,
				90D16EB022414DB60009E3C9 /* Services */,
				90D16EB122414DCB0009E3C9 /* Utils */,
				90D16EB422414E5B0009E3C9 /* Cells */,
				90D16EB522414E660009E3C9 /* Model */,
				90D16E84224101CE0009E3C9 /* Main.storyboard */,
				90D16E8A224101CF0009E3C9 /* Assets.xcassets */,
				90D16E8C224101CF0009E3C9 /* LaunchScreen.storyboard */,
				90D16E8F224101CF0009E3C9 /* Info.plist */,
				90D16E87224101CE0009E3C9 /* mod14.xcdatamodeld */,
			);
			path = mod14;
			sourceTree = "<group>";
		};
		90D16EAF22414D890009E3C9 /* Controllers */ = {
			isa = PBXGroup;
			children = (
				90D16E82224101CE0009E3C9 /* ViewController.swift */,
				90D16E95224103070009E3C9 /* FioVC.swift */,
				90D16E99224105930009E3C9 /* TODORealmVC.swift */,
				90D16EA3224145C70009E3C9 /* TODOCoreDataVC.swift */,
				90D16EA522414BB20009E3C9 /* WeatherVC.swift */,
			);
			path = Controllers;
			sourceTree = "<group>";
		};
		90D16EB022414DB60009E3C9 /* Services */ = {
			isa = PBXGroup;
			children = (
				90D16EA722414D7A0009E3C9 /* DataManager.swift */,
				90D16E97224103870009E3C9 /* UserDefaultsService.swift */,
				90D16E9F22411B960009E3C9 /* RealmSirvice.swift */,
				90D16EA1224140960009E3C9 /* CoreDataService.swift */,
			);
			path = Services;
			sourceTree = "<group>";
		};
		90D16EB122414DCB0009E3C9 /* Utils */ = {
			isa = PBXGroup;
			children = (
				90D16EAA22414D7A0009E3C9 /* DateNormalizer.swift */,
			);
			path = Utils;
			sourceTree = "<group>";
		};
		90D16EB422414E5B0009E3C9 /* Cells */ = {
			isa = PBXGroup;
			children = (
				90D16EA922414D7A0009E3C9 /* WeatherCell.swift */,
				90D16EA822414D7A0009E3C9 /* WeatherCell.xib */,
			);
			path = Cells;
			sourceTree = "<group>";
		};
		90D16EB522414E660009E3C9 /* Model */ = {
			isa = PBXGroup;
			children = (
				90D16EB222414E3C0009E3C9 /* Weather.swift */,
				90D16EB622414FFC0009E3C9 /* Todo.swift */,
			);
			path = Model;
			sourceTree = "<group>";
		};
		D1097A102BE90FB41403E16F /* Frameworks */ = {
			isa = PBXGroup;
			children = (
				2EF30F05BC81E68543418AE7 /* Pods_mod14.framework */,
			);
			name = Frameworks;
			sourceTree = "<group>";
		};
/* End PBXGroup section */

/* Begin PBXNativeTarget section */
		90D16E7C224101CE0009E3C9 /* mod14 */ = {
			isa = PBXNativeTarget;
			buildConfigurationList = 90D16E92224101CF0009E3C9 /* Build configuration list for PBXNativeTarget "mod14" */;
			buildPhases = (
				A72D9B645C4AEB1ACE3EB335 /* [CP] Check Pods Manifest.lock */,
				90D16E79224101CE0009E3C9 /* Sources */,
				90D16E7A224101CE0009E3C9 /* Frameworks */,
				90D16E7B224101CE0009E3C9 /* Resources */,
				FAC83E2456E1440380D3ACBC /* [CP] Embed Pods Frameworks */,
			);
			buildRules = (
			);
			dependencies = (
			);
			name = mod14;
			productName = mod14;
			productReference = 90D16E7D224101CE0009E3C9 /* mod14.app */;
			productType = "com.apple.product-type.application";
		};
/* End PBXNativeTarget section */

/* Begin PBXProject section */
		90D16E75224101CE0009E3C9 /* Project object */ = {
			isa = PBXProject;
			attributes = {
				LastSwiftUpdateCheck = 1010;
				LastUpgradeCheck = 1010;
				ORGANIZATIONNAME = "Solo Trant";
				TargetAttributes = {
					90D16E7C224101CE0009E3C9 = {
						CreatedOnToolsVersion = 10.1;
					};
				};
			};
			buildConfigurationList = 90D16E78224101CE0009E3C9 /* Build configuration list for PBXProject "mod14" */;
			compatibilityVersion = "Xcode 9.3";
			developmentRegion = en;
			hasScannedForEncodings = 0;
			knownRegions = (
				en,
				Base,
			);
			mainGroup = 90D16E74224101CE0009E3C9;
			productRefGroup = 90D16E7E224101CE0009E3C9 /* Products */;
			projectDirPath = "";
			projectRoot = "";
			targets = (
				90D16E7C224101CE0009E3C9 /* mod14 */,
			);
		};
/* End PBXProject section */

/* Begin PBXResourcesBuildPhase section */
		90D16E7B224101CE0009E3C9 /* Resources */ = {
			isa = PBXResourcesBuildPhase;
			buildActionMask = 2147483647;
			files = (
				90D16EAC22414D7A0009E3C9 /* WeatherCell.xib in Resources */,
				90D16E8E224101CF0009E3C9 /* LaunchScreen.storyboard in Resources */,
				90D16E8B224101CF0009E3C9 /* Assets.xcassets in Resources */,
				90D16E86224101CE0009E3C9 /* Main.storyboard in Resources */,
			);
			runOnlyForDeploymentPostprocessing = 0;
		};
/* End PBXResourcesBuildPhase section */

/* Begin PBXShellScriptBuildPhase section */
		A72D9B645C4AEB1ACE3EB335 /* [CP] Check Pods Manifest.lock */ = {
			isa = PBXShellScriptBuildPhase;
			buildActionMask = 2147483647;
			files = (
			);
			inputPaths = (
				"${PODS_PODFILE_DIR_PATH}/Podfile.lock",
				"${PODS_ROOT}/Manifest.lock",
			);
			name = "[CP] Check Pods Manifest.lock";
			outputPaths = (
				"$(DERIVED_FILE_DIR)/Pods-mod14-checkManifestLockResult.txt",
			);
			runOnlyForDeploymentPostprocessing = 0;
			shellPath = /bin/sh;
			shellScript = "diff \"${PODS_PODFILE_DIR_PATH}/Podfile.lock\" \"${PODS_ROOT}/Manifest.lock\" > /dev/null\nif [ $? != 0 ] ; then\n    # print error to STDERR\n    echo \"error: The sandbox is not in sync with the Podfile.lock. Run 'pod install' or update your CocoaPods installation.\" >&2\n    exit 1\nfi\n# This output is used by Xcode 'outputs' to avoid re-running this script phase.\necho \"SUCCESS\" > \"${SCRIPT_OUTPUT_FILE_0}\"\n";
			showEnvVarsInLog = 0;
		};
		FAC83E2456E1440380D3ACBC /* [CP] Embed Pods Frameworks */ = {
			isa = PBXShellScriptBuildPhase;
			buildActionMask = 2147483647;
			files = (
			);
			inputPaths = (
				"${SRCROOT}/Pods/Target Support Files/Pods-mod14/Pods-mod14-frameworks.sh",
				"${BUILT_PRODUCTS_DIR}/Realm/Realm.framework",
				"${BUILT_PRODUCTS_DIR}/RealmSwift/RealmSwift.framework",
			);
			name = "[CP] Embed Pods Frameworks";
			outputPaths = (
				"${TARGET_BUILD_DIR}/${FRAMEWORKS_FOLDER_PATH}/Realm.framework",
				"${TARGET_BUILD_DIR}/${FRAMEWORKS_FOLDER_PATH}/RealmSwift.framework",
			);
			runOnlyForDeploymentPostprocessing = 0;
			shellPath = /bin/sh;
			shellScript = "\"${SRCROOT}/Pods/Target Support Files/Pods-mod14/Pods-mod14-frameworks.sh\"\n";
			showEnvVarsInLog = 0;
		};
/* End PBXShellScriptBuildPhase section */

/* Begin PBXSourcesBuildPhase section */
		90D16E79224101CE0009E3C9 /* Sources */ = {
			isa = PBXSourcesBuildPhase;
			buildActionMask = 2147483647;
			files = (
				90D16E89224101CE0009E3C9 /* mod14.xcdatamodeld in Sources */,
				90D16EAE22414D7A0009E3C9 /* DateNormalizer.swift in Sources */,
				90D16E96224103070009E3C9 /* FioVC.swift in Sources */,
				90D16EA022411B960009E3C9 /* RealmSirvice.swift in Sources */,
				90D16EB722414FFC0009E3C9 /* Todo.swift in Sources */,
				90D16E98224103870009E3C9 /* UserDefaultsService.swift in Sources */,
				90D16EA2224140960009E3C9 /* CoreDataService.swift in Sources */,
				90D16EB322414E3C0009E3C9 /* Weather.swift in Sources */,
				90D16E83224101CE0009E3C9 /* ViewController.swift in Sources */,
				90D16E9A224105930009E3C9 /* TODORealmVC.swift in Sources */,
				90D16EA4224145C70009E3C9 /* TODOCoreDataVC.swift in Sources */,
				90D16EAD22414D7A0009E3C9 /* WeatherCell.swift in Sources */,
				90D16EAB22414D7A0009E3C9 /* DataManager.swift in Sources */,
				90D16E81224101CE0009E3C9 /* AppDelegate.swift in Sources */,
				90D16EA622414BB20009E3C9 /* WeatherVC.swift in Sources */,
			);
			runOnlyForDeploymentPostprocessing = 0;
		};
/* End PBXSourcesBuildPhase section */

/* Begin PBXVariantGroup section */
		90D16E84224101CE0009E3C9 /* Main.storyboard */ = {
			isa = PBXVariantGroup;
			children = (
				90D16E85224101CE0009E3C9 /* Base */,
			);
			name = Main.storyboard;
			sourceTree = "<group>";
		};
		90D16E8C224101CF0009E3C9 /* LaunchScreen.storyboard */ = {
			isa = PBXVariantGroup;
			children = (
				90D16E8D224101CF0009E3C9 /* Base */,
			);
			name = LaunchScreen.storyboard;
			sourceTree = "<group>";
		};
/* End PBXVariantGroup section */

/* Begin XCBuildConfiguration section */
		90D16E90224101CF0009E3C9 /* Debug */ = {
			isa = XCBuildConfiguration;
			buildSettings = {
				ALWAYS_SEARCH_USER_PATHS = NO;
				CLANG_ANALYZER_NONNULL = YES;
				CLANG_ANALYZER_NUMBER_OBJECT_CONVERSION = YES_AGGRESSIVE;
				CLANG_CXX_LANGUAGE_STANDARD = "gnu++14";
				CLANG_CXX_LIBRARY = "libc++";
				CLANG_ENABLE_MODULES = YES;
				CLANG_ENABLE_OBJC_ARC = YES;
				CLANG_ENABLE_OBJC_WEAK = YES;
				CLANG_WARN_BLOCK_CAPTURE_AUTORELEASING = YES;
				CLANG_WARN_BOOL_CONVERSION = YES;
				CLANG_WARN_COMMA = YES;
				CLANG_WARN_CONSTANT_CONVERSION = YES;
				CLANG_WARN_DEPRECATED_OBJC_IMPLEMENTATIONS = YES;
				CLANG_WARN_DIRECT_OBJC_ISA_USAGE = YES_ERROR;
				CLANG_WARN_DOCUMENTATION_COMMENTS = YES;
				CLANG_WARN_EMPTY_BODY = YES;
				CLANG_WARN_ENUM_CONVERSION = YES;
				CLANG_WARN_INFINITE_RECURSION = YES;
				CLANG_WARN_INT_CONVERSION = YES;
				CLANG_WARN_NON_LITERAL_NULL_CONVERSION = YES;
				CLANG_WARN_OBJC_IMPLICIT_RETAIN_SELF = YES;
				CLANG_WARN_OBJC_LITERAL_CONVERSION = YES;
				CLANG_WARN_OBJC_ROOT_CLASS = YES_ERROR;
				CLANG_WARN_RANGE_LOOP_ANALYSIS = YES;
				CLANG_WARN_STRICT_PROTOTYPES = YES;
				CLANG_WARN_SUSPICIOUS_MOVE = YES;
				CLANG_WARN_UNGUARDED_AVAILABILITY = YES_AGGRESSIVE;
				CLANG_WARN_UNREACHABLE_CODE = YES;
				CLANG_WARN__DUPLICATE_METHOD_MATCH = YES;
				CODE_SIGN_IDENTITY = "iPhone Developer";
				COPY_PHASE_STRIP = NO;
				DEBUG_INFORMATION_FORMAT = dwarf;
				ENABLE_STRICT_OBJC_MSGSEND = YES;
				ENABLE_TESTABILITY = YES;
				GCC_C_LANGUAGE_STANDARD = gnu11;
				GCC_DYNAMIC_NO_PIC = NO;
				GCC_NO_COMMON_BLOCKS = YES;
				GCC_OPTIMIZATION_LEVEL = 0;
				GCC_PREPROCESSOR_DEFINITIONS = (
					"DEBUG=1",
					"$(inherited)",
				);
				GCC_WARN_64_TO_32_BIT_CONVERSION = YES;
				GCC_WARN_ABOUT_RETURN_TYPE = YES_ERROR;
				GCC_WARN_UNDECLARED_SELECTOR = YES;
				GCC_WARN_UNINITIALIZED_AUTOS = YES_AGGRESSIVE;
				GCC_WARN_UNUSED_FUNCTION = YES;
				GCC_WARN_UNUSED_VARIABLE = YES;
				IPHONEOS_DEPLOYMENT_TARGET = 12.1;
				MTL_ENABLE_DEBUG_INFO = INCLUDE_SOURCE;
				MTL_FAST_MATH = YES;
				ONLY_ACTIVE_ARCH = YES;
				SDKROOT = iphoneos;
				SWIFT_ACTIVE_COMPILATION_CONDITIONS = DEBUG;
				SWIFT_OPTIMIZATION_LEVEL = "-Onone";
			};
			name = Debug;
		};
		90D16E91224101CF0009E3C9 /* Release */ = {
			isa = XCBuildConfiguration;
			buildSettings = {
				ALWAYS_SEARCH_USER_PATHS = NO;
				CLANG_ANALYZER_NONNULL = YES;
				CLANG_ANALYZER_NUMBER_OBJECT_CONVERSION = YES_AGGRESSIVE;
				CLANG_CXX_LANGUAGE_STANDARD = "gnu++14";
				CLANG_CXX_LIBRARY = "libc++";
				CLANG_ENABLE_MODULES = YES;
				CLANG_ENABLE_OBJC_ARC = YES;
				CLANG_ENABLE_OBJC_WEAK = YES;
				CLANG_WARN_BLOCK_CAPTURE_AUTORELEASING = YES;
				CLANG_WARN_BOOL_CONVERSION = YES;
				CLANG_WARN_COMMA = YES;
				CLANG_WARN_CONSTANT_CONVERSION = YES;
				CLANG_WARN_DEPRECATED_OBJC_IMPLEMENTATIONS = YES;
				CLANG_WARN_DIRECT_OBJC_ISA_USAGE = YES_ERROR;
				CLANG_WARN_DOCUMENTATION_COMMENTS = YES;
				CLANG_WARN_EMPTY_BODY = YES;
				CLANG_WARN_ENUM_CONVERSION = YES;
				CLANG_WARN_INFINITE_RECURSION = YES;
				CLANG_WARN_INT_CONVERSION = YES;
				CLANG_WARN_NON_LITERAL_NULL_CONVERSION = YES;
				CLANG_WARN_OBJC_IMPLICIT_RETAIN_SELF = YES;
				CLANG_WARN_OBJC_LITERAL_CONVERSION = YES;
				CLANG_WARN_OBJC_ROOT_CLASS = YES_ERROR;
				CLANG_WARN_RANGE_LOOP_ANALYSIS = YES;
				CLANG_WARN_STRICT_PROTOTYPES = YES;
				CLANG_WARN_SUSPICIOUS_MOVE = YES;
				CLANG_WARN_UNGUARDED_AVAILABILITY = YES_AGGRESSIVE;
				CLANG_WARN_UNREACHABLE_CODE = YES;
				CLANG_WARN__DUPLICATE_METHOD_MATCH = YES;
				CODE_SIGN_IDENTITY = "iPhone Developer";
				COPY_PHASE_STRIP = NO;
				DEBUG_INFORMATION_FORMAT = "dwarf-with-dsym";
				ENABLE_NS_ASSERTIONS = NO;
				ENABLE_STRICT_OBJC_MSGSEND = YES;
				GCC_C_LANGUAGE_STANDARD = gnu11;
				GCC_NO_COMMON_BLOCKS = YES;
				GCC_WARN_64_TO_32_BIT_CONVERSION = YES;
				GCC_WARN_ABOUT_RETURN_TYPE = YES_ERROR;
				GCC_WARN_UNDECLARED_SELECTOR = YES;
				GCC_WARN_UNINITIALIZED_AUTOS = YES_AGGRESSIVE;
				GCC_WARN_UNUSED_FUNCTION = YES;
				GCC_WARN_UNUSED_VARIABLE = YES;
				IPHONEOS_DEPLOYMENT_TARGET = 12.1;
				MTL_ENABLE_DEBUG_INFO = NO;
				MTL_FAST_MATH = YES;
				SDKROOT = iphoneos;
				SWIFT_COMPILATION_MODE = wholemodule;
				SWIFT_OPTIMIZATION_LEVEL = "-O";
				VALIDATE_PRODUCT = YES;
			};
			name = Release;
		};
		90D16E93224101CF0009E3C9 /* Debug */ = {
			isa = XCBuildConfiguration;
			baseConfigurationReference = C40071F19D36107F5B9FF5DD /* Pods-mod14.debug.xcconfig */;
			buildSettings = {
				ASSETCATALOG_COMPILER_APPICON_NAME = AppIcon;
				CODE_SIGN_STYLE = Automatic;
				DEVELOPMENT_TEAM = F74DACVA34;
				INFOPLIST_FILE = mod14/Info.plist;
				LD_RUNPATH_SEARCH_PATHS = (
					"$(inherited)",
					"@executable_path/Frameworks",
				);
				PRODUCT_BUNDLE_IDENTIFIER = solotrant.mod14;
				PRODUCT_NAME = "$(TARGET_NAME)";
				SWIFT_VERSION = 4.2;
				TARGETED_DEVICE_FAMILY = "1,2";
			};
			name = Debug;
		};
		90D16E94224101CF0009E3C9 /* Release */ = {
			isa = XCBuildConfiguration;
			baseConfigurationReference = 9F72392DF01D96E950C93C5D /* Pods-mod14.release.xcconfig */;
			buildSettings = {
				ASSETCATALOG_COMPILER_APPICON_NAME = AppIcon;
				CODE_SIGN_STYLE = Automatic;
				DEVELOPMENT_TEAM = F74DACVA34;
				INFOPLIST_FILE = mod14/Info.plist;
				LD_RUNPATH_SEARCH_PATHS = (
					"$(inherited)",
					"@executable_path/Frameworks",
				);
				PRODUCT_BUNDLE_IDENTIFIER = solotrant.mod14;
				PRODUCT_NAME = "$(TARGET_NAME)";
				SWIFT_VERSION = 4.2;
				TARGETED_DEVICE_FAMILY = "1,2";
			};
			name = Release;
		};
/* End XCBuildConfiguration section */

/* Begin XCConfigurationList section */
		90D16E78224101CE0009E3C9 /* Build configuration list for PBXProject "mod14" */ = {
			isa = XCConfigurationList;
			buildConfigurations = (
				90D16E90224101CF0009E3C9 /* Debug */,
				90D16E91224101CF0009E3C9 /* Release */,
			);
			defaultConfigurationIsVisible = 0;
			defaultConfigurationName = Release;
		};
		90D16E92224101CF0009E3C9 /* Build configuration list for PBXNativeTarget "mod14" */ = {
			isa = XCConfigurationList;
			buildConfigurations = (
				90D16E93224101CF0009E3C9 /* Debug */,
				90D16E94224101CF0009E3C9 /* Release */,
			);
			defaultConfigurationIsVisible = 0;
			defaultConfigurationName = Release;
		};
/* End XCConfigurationList section */

/* Begin XCVersionGroup section */
		90D16E87224101CE0009E3C9 /* mod14.xcdatamodeld */ = {
			isa = XCVersionGroup;
			children = (
				90D16E88224101CE0009E3C9 /* mod14.xcdatamodel */,
			);
			currentVersion = 90D16E88224101CE0009E3C9 /* mod14.xcdatamodel */;
			path = mod14.xcdatamodeld;
			sourceTree = "<group>";
			versionGroupType = wrapper.xcdatamodel;
		};
/* End XCVersionGroup section */
	};
	rootObject = 90D16E75224101CE0009E3C9 /* Project object */;
}
